
Microsoft Visual Studio Solution File, Format Version 12.00
# Visual Studio Version 16
VisualStudioVersion = 16.0.29806.167
MinimumVisualStudioVersion = 10.0.40219.1
Project("{FAE04EC0-301F-11D3-BF4B-00C04F79EFBC}") = "Projekt2_WPF", "Projekt2_WPF\Projekt2_WPF.csproj", "{3274D9F4-178B-41F4-89F8-B1731942A469}"
EndProject
Global
	GlobalSection(SolutionConfigurationPlatforms) = preSolution
		Debug|Any CPU = Debug|Any CPU
		Release|Any CPU = Release|Any CPU
	EndGlobalSection
	GlobalSection(ProjectConfigurationPlatforms) = postSolution
		{3274D9F4-178B-41F4-89F8-B1731942A469}.Debug|Any CPU.ActiveCfg = Debug|Any CPU
		{3274D9F4-178B-41F4-89F8-B1731942A469}.Debug|Any CPU.Build.0 = Debug|Any CPU
		{3274D9F4-178B-41F4-89F8-B1731942A469}.Release|Any CPU.ActiveCfg = Release|Any CPU
		{3274D9F4-178B-41F4-89F8-B1731942A469}.Release|Any CPU.Build.0 = Release|Any CPU
	EndGlobalSection
	GlobalSection(SolutionProperties) = preSolution
		HideSolutionNode = FALSE
	EndGlobalSection
	GlobalSection(ExtensibilityGlobals) = postSolution
		SolutionGuid = {F55368BA-24F9-4170-8A51-EFD4119F4C89}
	EndGlobalSection
EndGlobal
